// !$*UTF8*$!
{
	archiveVersion = 1;
	classes = {
	};
	objectVersion = 50;
	objects = {

/* Begin PBXBuildFile section */
		65749ABD23356ABA00B4FDCE /* FlightsViewController.swift in Sources */ = {isa = PBXBuildFile; fileRef = 65749ABC23356ABA00B4FDCE /* FlightsViewController.swift */; };
		65749AC123356B7400B4FDCE /* Environment.swift in Sources */ = {isa = PBXBuildFile; fileRef = 65749AC023356B7400B4FDCE /* Environment.swift */; };
		65749AC32335744A00B4FDCE /* FlightCell.swift in Sources */ = {isa = PBXBuildFile; fileRef = 65749AC22335744A00B4FDCE /* FlightCell.swift */; };
		65749AC52335763300B4FDCE /* AirlineFlight.swift in Sources */ = {isa = PBXBuildFile; fileRef = 65749AC42335763300B4FDCE /* AirlineFlight.swift */; };
		65749ACB2335836B00B4FDCE /* RetryViewController.swift in Sources */ = {isa = PBXBuildFile; fileRef = 65749ACA2335836B00B4FDCE /* RetryViewController.swift */; };
		65749AD22335920100B4FDCE /* CatalogViewController.swift in Sources */ = {isa = PBXBuildFile; fileRef = 65749AD12335920100B4FDCE /* CatalogViewController.swift */; };
		65749B31233619BC00B4FDCE /* ResultViewController.swift in Sources */ = {isa = PBXBuildFile; fileRef = 65749B30233619BC00B4FDCE /* ResultViewController.swift */; };
		65AC8E3D233555F900378A0B /* AppDelegate.swift in Sources */ = {isa = PBXBuildFile; fileRef = 65AC8E3C233555F900378A0B /* AppDelegate.swift */; };
		65AC8E3F233555F900378A0B /* HomeViewController.swift in Sources */ = {isa = PBXBuildFile; fileRef = 65AC8E3E233555F900378A0B /* HomeViewController.swift */; };
		65AC8E44233555F900378A0B /* Main.storyboard in Resources */ = {isa = PBXBuildFile; fileRef = 65AC8E42233555F900378A0B /* Main.storyboard */; };
		65AC8E46233555FA00378A0B /* Assets.xcassets in Resources */ = {isa = PBXBuildFile; fileRef = 65AC8E45233555FA00378A0B /* Assets.xcassets */; };
		65AC8E49233555FA00378A0B /* LaunchScreen.storyboard in Resources */ = {isa = PBXBuildFile; fileRef = 65AC8E47233555FA00378A0B /* LaunchScreen.storyboard */; };
		65AC8E53233558F400378A0B /* TravelerKit.framework in Frameworks */ = {isa = PBXBuildFile; fileRef = 65AC8E51233558F400378A0B /* TravelerKit.framework */; };
		65AC8E54233558F400378A0B /* Stripe.framework in Frameworks */ = {isa = PBXBuildFile; fileRef = 65AC8E52233558F400378A0B /* Stripe.framework */; };
		65AC8E56233558F700378A0B /* TravelerStripePaymentProvider.framework in Frameworks */ = {isa = PBXBuildFile; fileRef = 65AC8E55233558F700378A0B /* TravelerStripePaymentProvider.framework */; };
		65AC8E59233558FB00378A0B /* SideMenu.framework in Frameworks */ = {isa = PBXBuildFile; fileRef = 65AC8E57233558FB00378A0B /* SideMenu.framework */; };
		65AC8E5A233558FB00378A0B /* TravelerKitUI.framework in Frameworks */ = {isa = PBXBuildFile; fileRef = 65AC8E58233558FB00378A0B /* TravelerKitUI.framework */; };
		65AC8E5D23355C0600378A0B /* SettingsViewController.swift in Sources */ = {isa = PBXBuildFile; fileRef = 65AC8E5C23355C0600378A0B /* SettingsViewController.swift */; };
		65AC8E5F2335622C00378A0B /* SettingsCell.swift in Sources */ = {isa = PBXBuildFile; fileRef = 65AC8E5E2335622C00378A0B /* SettingsCell.swift */; };
/* End PBXBuildFile section */

/* Begin PBXFileReference section */
		65749ABC23356ABA00B4FDCE /* FlightsViewController.swift */ = {isa = PBXFileReference; lastKnownFileType = sourcecode.swift; path = FlightsViewController.swift; sourceTree = "<group>"; };
		65749AC023356B7400B4FDCE /* Environment.swift */ = {isa = PBXFileReference; lastKnownFileType = sourcecode.swift; path = Environment.swift; sourceTree = "<group>"; };
		65749AC22335744A00B4FDCE /* FlightCell.swift */ = {isa = PBXFileReference; lastKnownFileType = sourcecode.swift; path = FlightCell.swift; sourceTree = "<group>"; };
		65749AC42335763300B4FDCE /* AirlineFlight.swift */ = {isa = PBXFileReference; lastKnownFileType = sourcecode.swift; path = AirlineFlight.swift; sourceTree = "<group>"; };
		65749ACA2335836B00B4FDCE /* RetryViewController.swift */ = {isa = PBXFileReference; lastKnownFileType = sourcecode.swift; path = RetryViewController.swift; sourceTree = "<group>"; };
		65749AD12335920100B4FDCE /* CatalogViewController.swift */ = {isa = PBXFileReference; lastKnownFileType = sourcecode.swift; path = CatalogViewController.swift; sourceTree = "<group>"; };
		65749B30233619BC00B4FDCE /* ResultViewController.swift */ = {isa = PBXFileReference; lastKnownFileType = sourcecode.swift; path = ResultViewController.swift; sourceTree = "<group>"; };
		65AC8E39233555F900378A0B /* AirlineApp.app */ = {isa = PBXFileReference; explicitFileType = wrapper.application; includeInIndex = 0; path = AirlineApp.app; sourceTree = BUILT_PRODUCTS_DIR; };
		65AC8E3C233555F900378A0B /* AppDelegate.swift */ = {isa = PBXFileReference; lastKnownFileType = sourcecode.swift; path = AppDelegate.swift; sourceTree = "<group>"; };
		65AC8E3E233555F900378A0B /* HomeViewController.swift */ = {isa = PBXFileReference; lastKnownFileType = sourcecode.swift; path = HomeViewController.swift; sourceTree = "<group>"; };
		65AC8E43233555F900378A0B /* Base */ = {isa = PBXFileReference; lastKnownFileType = file.storyboard; name = Base; path = Base.lproj/Main.storyboard; sourceTree = "<group>"; };
		65AC8E45233555FA00378A0B /* Assets.xcassets */ = {isa = PBXFileReference; lastKnownFileType = folder.assetcatalog; path = Assets.xcassets; sourceTree = "<group>"; };
		65AC8E48233555FA00378A0B /* Base */ = {isa = PBXFileReference; lastKnownFileType = file.storyboard; name = Base; path = Base.lproj/LaunchScreen.storyboard; sourceTree = "<group>"; };
		65AC8E4A233555FA00378A0B /* Info.plist */ = {isa = PBXFileReference; lastKnownFileType = text.plist.xml; path = Info.plist; sourceTree = "<group>"; };
		65AC8E51233558F400378A0B /* TravelerKit.framework */ = {isa = PBXFileReference; lastKnownFileType = wrapper.framework; name = TravelerKit.framework; path = Carthage/Build/iOS/TravelerKit.framework; sourceTree = "<group>"; };
		65AC8E52233558F400378A0B /* Stripe.framework */ = {isa = PBXFileReference; lastKnownFileType = wrapper.framework; name = Stripe.framework; path = Carthage/Build/iOS/Stripe.framework; sourceTree = "<group>"; };
		65AC8E55233558F700378A0B /* TravelerStripePaymentProvider.framework */ = {isa = PBXFileReference; lastKnownFileType = wrapper.framework; name = TravelerStripePaymentProvider.framework; path = Carthage/Build/iOS/TravelerStripePaymentProvider.framework; sourceTree = "<group>"; };
		65AC8E57233558FB00378A0B /* SideMenu.framework */ = {isa = PBXFileReference; lastKnownFileType = wrapper.framework; name = SideMenu.framework; path = Carthage/Build/iOS/SideMenu.framework; sourceTree = "<group>"; };
		65AC8E58233558FB00378A0B /* TravelerKitUI.framework */ = {isa = PBXFileReference; lastKnownFileType = wrapper.framework; name = TravelerKitUI.framework; path = Carthage/Build/iOS/TravelerKitUI.framework; sourceTree = "<group>"; };
		65AC8E5C23355C0600378A0B /* SettingsViewController.swift */ = {isa = PBXFileReference; lastKnownFileType = sourcecode.swift; path = SettingsViewController.swift; sourceTree = "<group>"; };
		65AC8E5E2335622C00378A0B /* SettingsCell.swift */ = {isa = PBXFileReference; lastKnownFileType = sourcecode.swift; path = SettingsCell.swift; sourceTree = "<group>"; };
/* End PBXFileReference section */

/* Begin PBXFrameworksBuildPhase section */
		65AC8E36233555F900378A0B /* Frameworks */ = {
			isa = PBXFrameworksBuildPhase;
			buildActionMask = 2147483647;
			files = (
				65AC8E59233558FB00378A0B /* SideMenu.framework in Frameworks */,
				65AC8E5A233558FB00378A0B /* TravelerKitUI.framework in Frameworks */,
				65AC8E53233558F400378A0B /* TravelerKit.framework in Frameworks */,
				65AC8E56233558F700378A0B /* TravelerStripePaymentProvider.framework in Frameworks */,
				65AC8E54233558F400378A0B /* Stripe.framework in Frameworks */,
			);
			runOnlyForDeploymentPostprocessing = 0;
		};
/* End PBXFrameworksBuildPhase section */

/* Begin PBXGroup section */
		65749ABF23356B5F00B4FDCE /* Environment */ = {
			isa = PBXGroup;
			children = (
				65749AC023356B7400B4FDCE /* Environment.swift */,
			);
			path = Environment;
			sourceTree = "<group>";
		};
		65749ACC23358A6A00B4FDCE /* Views */ = {
			isa = PBXGroup;
			children = (
				65AC8E5E2335622C00378A0B /* SettingsCell.swift */,
				65749AC22335744A00B4FDCE /* FlightCell.swift */,
			);
			path = Views;
			sourceTree = "<group>";
		};
		65749ACD23358A7200B4FDCE /* ViewControllers */ = {
			isa = PBXGroup;
			children = (
				65AC8E3E233555F900378A0B /* HomeViewController.swift */,
				65AC8E5C23355C0600378A0B /* SettingsViewController.swift */,
				65749ACA2335836B00B4FDCE /* RetryViewController.swift */,
				65749ABC23356ABA00B4FDCE /* FlightsViewController.swift */,
				65749AD12335920100B4FDCE /* CatalogViewController.swift */,
				65749B30233619BC00B4FDCE /* ResultViewController.swift */,
			);
			path = ViewControllers;
			sourceTree = "<group>";
		};
		65749ACE23358A9D00B4FDCE /* Models */ = {
			isa = PBXGroup;
			children = (
				65749AC42335763300B4FDCE /* AirlineFlight.swift */,
			);
			path = Models;
			sourceTree = "<group>";
		};
		65749AD023358ADA00B4FDCE /* Storyboards */ = {
			isa = PBXGroup;
			children = (
				65AC8E42233555F900378A0B /* Main.storyboard */,
			);
			path = Storyboards;
			sourceTree = "<group>";
		};
		65AC8E30233555F900378A0B = {
			isa = PBXGroup;
			children = (
				65AC8E3B233555F900378A0B /* AirlineApp */,
				65AC8E3A233555F900378A0B /* Products */,
				65AC8E50233558F400378A0B /* Frameworks */,
			);
			sourceTree = "<group>";
		};
		65AC8E3A233555F900378A0B /* Products */ = {
			isa = PBXGroup;
			children = (
				65AC8E39233555F900378A0B /* AirlineApp.app */,
			);
			name = Products;
			sourceTree = "<group>";
		};
		65AC8E3B233555F900378A0B /* AirlineApp */ = {
			isa = PBXGroup;
			children = (
				65749AD023358ADA00B4FDCE /* Storyboards */,
				65749ACE23358A9D00B4FDCE /* Models */,
				65749ACD23358A7200B4FDCE /* ViewControllers */,
				65749ACC23358A6A00B4FDCE /* Views */,
				65749ABF23356B5F00B4FDCE /* Environment */,
				65AC8E3C233555F900378A0B /* AppDelegate.swift */,
				65AC8E45233555FA00378A0B /* Assets.xcassets */,
				65AC8E47233555FA00378A0B /* LaunchScreen.storyboard */,
				65AC8E4A233555FA00378A0B /* Info.plist */,
			);
			path = AirlineApp;
			sourceTree = "<group>";
		};
		65AC8E50233558F400378A0B /* Frameworks */ = {
			isa = PBXGroup;
			children = (
				65AC8E57233558FB00378A0B /* SideMenu.framework */,
				65AC8E58233558FB00378A0B /* TravelerKitUI.framework */,
				65AC8E55233558F700378A0B /* TravelerStripePaymentProvider.framework */,
				65AC8E52233558F400378A0B /* Stripe.framework */,
				65AC8E51233558F400378A0B /* TravelerKit.framework */,
			);
			name = Frameworks;
			sourceTree = "<group>";
		};
/* End PBXGroup section */

/* Begin PBXNativeTarget section */
		65AC8E38233555F900378A0B /* AirlineApp */ = {
			isa = PBXNativeTarget;
			buildConfigurationList = 65AC8E4D233555FA00378A0B /* Build configuration list for PBXNativeTarget "AirlineApp" */;
			buildPhases = (
				65AC8E35233555F900378A0B /* Sources */,
				65AC8E36233555F900378A0B /* Frameworks */,
				65AC8E37233555F900378A0B /* Resources */,
				65AC8E5B2335591400378A0B /* Carthage Dependencies script */,
			);
			buildRules = (
			);
			dependencies = (
			);
			name = AirlineApp;
			productName = AirlineApp;
			productReference = 65AC8E39233555F900378A0B /* AirlineApp.app */;
			productType = "com.apple.product-type.application";
		};
/* End PBXNativeTarget section */

/* Begin PBXProject section */
		65AC8E31233555F900378A0B /* Project object */ = {
			isa = PBXProject;
			attributes = {
				LastSwiftUpdateCheck = 1020;
				LastUpgradeCheck = 1020;
				ORGANIZATIONNAME = "Omar Padierna";
				TargetAttributes = {
					65AC8E38233555F900378A0B = {
						CreatedOnToolsVersion = 10.2.1;
					};
				};
			};
			buildConfigurationList = 65AC8E34233555F900378A0B /* Build configuration list for PBXProject "AirlineApp" */;
			compatibilityVersion = "Xcode 9.3";
			developmentRegion = en;
			hasScannedForEncodings = 0;
			knownRegions = (
				en,
				Base,
			);
			mainGroup = 65AC8E30233555F900378A0B;
			productRefGroup = 65AC8E3A233555F900378A0B /* Products */;
			projectDirPath = "";
			projectRoot = "";
			targets = (
				65AC8E38233555F900378A0B /* AirlineApp */,
			);
		};
/* End PBXProject section */

/* Begin PBXResourcesBuildPhase section */
		65AC8E37233555F900378A0B /* Resources */ = {
			isa = PBXResourcesBuildPhase;
			buildActionMask = 2147483647;
			files = (
				65AC8E49233555FA00378A0B /* LaunchScreen.storyboard in Resources */,
				65AC8E46233555FA00378A0B /* Assets.xcassets in Resources */,
				65AC8E44233555F900378A0B /* Main.storyboard in Resources */,
			);
			runOnlyForDeploymentPostprocessing = 0;
		};
/* End PBXResourcesBuildPhase section */

/* Begin PBXShellScriptBuildPhase section */
		65AC8E5B2335591400378A0B /* Carthage Dependencies script */ = {
			isa = PBXShellScriptBuildPhase;
			buildActionMask = 2147483647;
			files = (
			);
			inputFileListPaths = (
			);
			inputPaths = (
				"$(SRCROOT)/Carthage/Build/iOS/Stripe.framework",
				"$(SRCROOT)/Carthage/Build/iOS/TravelerKit.framework",
				"$(SRCROOT)/Carthage/Build/iOS/TravelerKitUI.framework",
				"$(SRCROOT)/Carthage/Build/iOS/TravelerStripePaymentProvider.framework",
				"$(SRCROOT)/Carthage/Build/iOS/SideMenu.framework",
			);
			name = "Carthage Dependencies script";
			outputFileListPaths = (
			);
			outputPaths = (
				"${BUILT_PRODUCTS_DIR}/${FRAMEWORKS_FOLDER_PATH}/Stripe.framework",
				"${BUILT_PRODUCTS_DIR}/${FRAMEWORKS_FOLDER_PATH}/TravelerKit.framework",
				"${BUILT_PRODUCTS_DIR}/${FRAMEWORKS_FOLDER_PATH}/TravelerKitUI.framework",
				"${BUILT_PRODUCTS_DIR}/${FRAMEWORKS_FOLDER_PATH}/TravelerStripePaymentProvider.framework",
				"${BUILT_PRODUCTS_DIR}/${FRAMEWORKS_FOLDER_PATH}/SideMenu.framework",
			);
			runOnlyForDeploymentPostprocessing = 0;
			shellPath = /bin/sh;
			shellScript = "# Type a script or drag a script file from your workspace to insert its path.\n/usr/local/bin/carthage copy-frameworks\n";
		};
/* End PBXShellScriptBuildPhase section */

/* Begin PBXSourcesBuildPhase section */
		65AC8E35233555F900378A0B /* Sources */ = {
			isa = PBXSourcesBuildPhase;
			buildActionMask = 2147483647;
			files = (
				65AC8E3D233555F900378A0B /* AppDelegate.swift in Sources */,
				65749AD22335920100B4FDCE /* CatalogViewController.swift in Sources */,
				65749AC123356B7400B4FDCE /* Environment.swift in Sources */,
				65749AC32335744A00B4FDCE /* FlightCell.swift in Sources */,
				65AC8E3F233555F900378A0B /* HomeViewController.swift in Sources */,
				65AC8E5D23355C0600378A0B /* SettingsViewController.swift in Sources */,
				65749AC52335763300B4FDCE /* AirlineFlight.swift in Sources */,
				65749ACB2335836B00B4FDCE /* RetryViewController.swift in Sources */,
				65749ABD23356ABA00B4FDCE /* FlightsViewController.swift in Sources */,
				65AC8E5F2335622C00378A0B /* SettingsCell.swift in Sources */,
				65749B31233619BC00B4FDCE /* ResultViewController.swift in Sources */,
			);
			runOnlyForDeploymentPostprocessing = 0;
		};
/* End PBXSourcesBuildPhase section */

/* Begin PBXVariantGroup section */
		65AC8E42233555F900378A0B /* Main.storyboard */ = {
			isa = PBXVariantGroup;
			children = (
				65AC8E43233555F900378A0B /* Base */,
			);
			name = Main.storyboard;
			sourceTree = "<group>";
		};
		65AC8E47233555FA00378A0B /* LaunchScreen.storyboard */ = {
			isa = PBXVariantGroup;
			children = (
				65AC8E48233555FA00378A0B /* Base */,
			);
			name = LaunchScreen.storyboard;
			sourceTree = "<group>";
		};
/* End PBXVariantGroup section */

/* Begin XCBuildConfiguration section */
		65AC8E4B233555FA00378A0B /* Debug */ = {
			isa = XCBuildConfiguration;
			buildSettings = {
				ALWAYS_SEARCH_USER_PATHS = NO;
				CLANG_ANALYZER_NONNULL = YES;
				CLANG_ANALYZER_NUMBER_OBJECT_CONVERSION = YES_AGGRESSIVE;
				CLANG_CXX_LANGUAGE_STANDARD = "gnu++14";
				CLANG_CXX_LIBRARY = "libc++";
				CLANG_ENABLE_MODULES = YES;
				CLANG_ENABLE_OBJC_ARC = YES;
				CLANG_ENABLE_OBJC_WEAK = YES;
				CLANG_WARN_BLOCK_CAPTURE_AUTORELEASING = YES;
				CLANG_WARN_BOOL_CONVERSION = YES;
				CLANG_WARN_COMMA = YES;
				CLANG_WARN_CONSTANT_CONVERSION = YES;
				CLANG_WARN_DEPRECATED_OBJC_IMPLEMENTATIONS = YES;
				CLANG_WARN_DIRECT_OBJC_ISA_USAGE = YES_ERROR;
				CLANG_WARN_DOCUMENTATION_COMMENTS = YES;
				CLANG_WARN_EMPTY_BODY = YES;
				CLANG_WARN_ENUM_CONVERSION = YES;
				CLANG_WARN_INFINITE_RECURSION = YES;
				CLANG_WARN_INT_CONVERSION = YES;
				CLANG_WARN_NON_LITERAL_NULL_CONVERSION = YES;
				CLANG_WARN_OBJC_IMPLICIT_RETAIN_SELF = YES;
				CLANG_WARN_OBJC_LITERAL_CONVERSION = YES;
				CLANG_WARN_OBJC_ROOT_CLASS = YES_ERROR;
				CLANG_WARN_RANGE_LOOP_ANALYSIS = YES;
				CLANG_WARN_STRICT_PROTOTYPES = YES;
				CLANG_WARN_SUSPICIOUS_MOVE = YES;
				CLANG_WARN_UNGUARDED_AVAILABILITY = YES_AGGRESSIVE;
				CLANG_WARN_UNREACHABLE_CODE = YES;
				CLANG_WARN__DUPLICATE_METHOD_MATCH = YES;
				CODE_SIGN_IDENTITY = "iPhone Developer";
				COPY_PHASE_STRIP = NO;
				DEBUG_INFORMATION_FORMAT = dwarf;
				ENABLE_STRICT_OBJC_MSGSEND = YES;
				ENABLE_TESTABILITY = YES;
				GCC_C_LANGUAGE_STANDARD = gnu11;
				GCC_DYNAMIC_NO_PIC = NO;
				GCC_NO_COMMON_BLOCKS = YES;
				GCC_OPTIMIZATION_LEVEL = 0;
				GCC_PREPROCESSOR_DEFINITIONS = (
					"DEBUG=1",
					"$(inherited)",
				);
				GCC_WARN_64_TO_32_BIT_CONVERSION = YES;
				GCC_WARN_ABOUT_RETURN_TYPE = YES_ERROR;
				GCC_WARN_UNDECLARED_SELECTOR = YES;
				GCC_WARN_UNINITIALIZED_AUTOS = YES_AGGRESSIVE;
				GCC_WARN_UNUSED_FUNCTION = YES;
				GCC_WARN_UNUSED_VARIABLE = YES;
				IPHONEOS_DEPLOYMENT_TARGET = 12.2;
				MTL_ENABLE_DEBUG_INFO = INCLUDE_SOURCE;
				MTL_FAST_MATH = YES;
				ONLY_ACTIVE_ARCH = YES;
				SDKROOT = iphoneos;
				SWIFT_ACTIVE_COMPILATION_CONDITIONS = DEBUG;
				SWIFT_OPTIMIZATION_LEVEL = "-Onone";
			};
			name = Debug;
		};
		65AC8E4C233555FA00378A0B /* Release */ = {
			isa = XCBuildConfiguration;
			buildSettings = {
				ALWAYS_SEARCH_USER_PATHS = NO;
				CLANG_ANALYZER_NONNULL = YES;
				CLANG_ANALYZER_NUMBER_OBJECT_CONVERSION = YES_AGGRESSIVE;
				CLANG_CXX_LANGUAGE_STANDARD = "gnu++14";
				CLANG_CXX_LIBRARY = "libc++";
				CLANG_ENABLE_MODULES = YES;
				CLANG_ENABLE_OBJC_ARC = YES;
				CLANG_ENABLE_OBJC_WEAK = YES;
				CLANG_WARN_BLOCK_CAPTURE_AUTORELEASING = YES;
				CLANG_WARN_BOOL_CONVERSION = YES;
				CLANG_WARN_COMMA = YES;
				CLANG_WARN_CONSTANT_CONVERSION = YES;
				CLANG_WARN_DEPRECATED_OBJC_IMPLEMENTATIONS = YES;
				CLANG_WARN_DIRECT_OBJC_ISA_USAGE = YES_ERROR;
				CLANG_WARN_DOCUMENTATION_COMMENTS = YES;
				CLANG_WARN_EMPTY_BODY = YES;
				CLANG_WARN_ENUM_CONVERSION = YES;
				CLANG_WARN_INFINITE_RECURSION = YES;
				CLANG_WARN_INT_CONVERSION = YES;
				CLANG_WARN_NON_LITERAL_NULL_CONVERSION = YES;
				CLANG_WARN_OBJC_IMPLICIT_RETAIN_SELF = YES;
				CLANG_WARN_OBJC_LITERAL_CONVERSION = YES;
				CLANG_WARN_OBJC_ROOT_CLASS = YES_ERROR;
				CLANG_WARN_RANGE_LOOP_ANALYSIS = YES;
				CLANG_WARN_STRICT_PROTOTYPES = YES;
				CLANG_WARN_SUSPICIOUS_MOVE = YES;
				CLANG_WARN_UNGUARDED_AVAILABILITY = YES_AGGRESSIVE;
				CLANG_WARN_UNREACHABLE_CODE = YES;
				CLANG_WARN__DUPLICATE_METHOD_MATCH = YES;
				CODE_SIGN_IDENTITY = "iPhone Developer";
				COPY_PHASE_STRIP = NO;
				DEBUG_INFORMATION_FORMAT = "dwarf-with-dsym";
				ENABLE_NS_ASSERTIONS = NO;
				ENABLE_STRICT_OBJC_MSGSEND = YES;
				GCC_C_LANGUAGE_STANDARD = gnu11;
				GCC_NO_COMMON_BLOCKS = YES;
				GCC_WARN_64_TO_32_BIT_CONVERSION = YES;
				GCC_WARN_ABOUT_RETURN_TYPE = YES_ERROR;
				GCC_WARN_UNDECLARED_SELECTOR = YES;
				GCC_WARN_UNINITIALIZED_AUTOS = YES_AGGRESSIVE;
				GCC_WARN_UNUSED_FUNCTION = YES;
				GCC_WARN_UNUSED_VARIABLE = YES;
				IPHONEOS_DEPLOYMENT_TARGET = 12.2;
				MTL_ENABLE_DEBUG_INFO = NO;
				MTL_FAST_MATH = YES;
				SDKROOT = iphoneos;
				SWIFT_COMPILATION_MODE = wholemodule;
				SWIFT_OPTIMIZATION_LEVEL = "-O";
				VALIDATE_PRODUCT = YES;
			};
			name = Release;
		};
		65AC8E4E233555FA00378A0B /* Debug */ = {
			isa = XCBuildConfiguration;
			buildSettings = {
				ASSETCATALOG_COMPILER_APPICON_NAME = AppIcon;
				CODE_SIGN_STYLE = Automatic;
				DEVELOPMENT_TEAM = 785ZM488BB;
				FRAMEWORK_SEARCH_PATHS = (
					"$(inherited)",
					"$(PROJECT_DIR)/Carthage/Build/iOS",
				);
				INFOPLIST_FILE = AirlineApp/Info.plist;
				LD_RUNPATH_SEARCH_PATHS = (
					"$(inherited)",
					"@executable_path/Frameworks",
				);
				PRODUCT_BUNDLE_IDENTIFIER = com.para11ax.AirlineApp;
				PRODUCT_NAME = "$(TARGET_NAME)";
				SWIFT_VERSION = 5.0;
				TARGETED_DEVICE_FAMILY = "1,2";
			};
			name = Debug;
		};
		65AC8E4F233555FA00378A0B /* Release */ = {
			isa = XCBuildConfiguration;
			buildSettings = {
				ASSETCATALOG_COMPILER_APPICON_NAME = AppIcon;
				CODE_SIGN_STYLE = Automatic;
				DEVELOPMENT_TEAM = 785ZM488BB;
				FRAMEWORK_SEARCH_PATHS = (
					"$(inherited)",
					"$(PROJECT_DIR)/Carthage/Build/iOS",
				);
				INFOPLIST_FILE = AirlineApp/Info.plist;
				LD_RUNPATH_SEARCH_PATHS = (
					"$(inherited)",
					"@executable_path/Frameworks",
				);
				PRODUCT_BUNDLE_IDENTIFIER = com.para11ax.AirlineApp;
				PRODUCT_NAME = "$(TARGET_NAME)";
				SWIFT_VERSION = 5.0;
				TARGETED_DEVICE_FAMILY = "1,2";
			};
			name = Release;
		};
/* End XCBuildConfiguration section */

/* Begin XCConfigurationList section */
		65AC8E34233555F900378A0B /* Build configuration list for PBXProject "AirlineApp" */ = {
			isa = XCConfigurationList;
			buildConfigurations = (
				65AC8E4B233555FA00378A0B /* Debug */,
				65AC8E4C233555FA00378A0B /* Release */,
			);
			defaultConfigurationIsVisible = 0;
			defaultConfigurationName = Release;
		};
		65AC8E4D233555FA00378A0B /* Build configuration list for PBXNativeTarget "AirlineApp" */ = {
			isa = XCConfigurationList;
			buildConfigurations = (
				65AC8E4E233555FA00378A0B /* Debug */,
				65AC8E4F233555FA00378A0B /* Release */,
			);
			defaultConfigurationIsVisible = 0;
			defaultConfigurationName = Release;
		};
/* End XCConfigurationList section */
	};
	rootObject = 65AC8E31233555F900378A0B /* Project object */;
}
